
Microsoft Visual Studio Solution File, Format Version 11.00
# Visual Studio 2010
Project("{FAE04EC0-301F-11D3-BF4B-00C04F79EFBC}") = "Isometric Client", "Assembly-CSharp.csproj", "{9468E10A-4247-C98A-9222-62BCCE71DBF8}"
EndProject
Project("{FAE04EC0-301F-11D3-BF4B-00C04F79EFBC}") = "Isometric Client", "Assembly-CSharp-Editor-firstpass.csproj", "{65717632-2244-8276-0E74-BB465C3AB128}"
EndProject
Global
	GlobalSection(SolutionConfigurationPlatforms) = preSolution
		Debug|Any CPU = Debug|Any CPU
		Release|Any CPU = Release|Any CPU
	EndGlobalSection
	GlobalSection(ProjectConfigurationPlatforms) = postSolution
		{9468E10A-4247-C98A-9222-62BCCE71DBF8}.Debug|Any CPU.ActiveCfg = Debug|Any CPU
		{9468E10A-4247-C98A-9222-62BCCE71DBF8}.Debug|Any CPU.Build.0 = Debug|Any CPU
		{9468E10A-4247-C98A-9222-62BCCE71DBF8}.Release|Any CPU.ActiveCfg = Release|Any CPU
		{9468E10A-4247-C98A-9222-62BCCE71DBF8}.Release|Any CPU.Build.0 = Release|Any CPU
		{65717632-2244-8276-0E74-BB465C3AB128}.Debug|Any CPU.ActiveCfg = Debug|Any CPU
		{65717632-2244-8276-0E74-BB465C3AB128}.Debug|Any CPU.Build.0 = Debug|Any CPU
		{65717632-2244-8276-0E74-BB465C3AB128}.Release|Any CPU.ActiveCfg = Release|Any CPU
		{65717632-2244-8276-0E74-BB465C3AB128}.Release|Any CPU.Build.0 = Release|Any CPU
	EndGlobalSection
	GlobalSection(SolutionProperties) = preSolution
		HideSolutionNode = FALSE
	EndGlobalSection
	GlobalSection(MonoDevelopProperties) = preSolution
		StartupItem = Assembly-CSharp.csproj
	EndGlobalSection
EndGlobal
